{
  "version": "2",
  "remote": {
    "https://deno.land/std@0.190.0/fmt/colors.ts": "d67e3cd9f472535241a8e410d33423980bec45047e343577554d3356e1f0ef4e",
    "https://deno.land/std@0.190.0/testing/_diff.ts": "1a3c044aedf77647d6cac86b798c6417603361b66b54c53331b312caeb447aea",
    "https://deno.land/std@0.190.0/testing/_format.ts": "a69126e8a469009adf4cf2a50af889aca364c349797e63174884a52ff75cf4c7",
    "https://deno.land/std@0.190.0/testing/_test_suite.ts": "30f018feeb3835f12ab198d8a518f9089b1bcb2e8c838a8b615ab10d5005465c",
    "https://deno.land/std@0.190.0/testing/asserts.ts": "e16d98b4d73ffc4ed498d717307a12500ae4f2cbe668f1a215632d19fcffc22f",
    "https://deno.land/std@0.190.0/testing/bdd.ts": "59f7f7503066d66a12e50ace81bfffae5b735b6be1208f5684b630ae6b4de1d0",
    "https://deno.land/std@0.190.0/testing/mock.ts": "220ed9b8151cb2cac141043d4cfea7c47673fab5d18d1c1f0943297c8afb5d13",
    "https://deno.land/std@0.197.0/collections/group_by.ts": "f90f483598b38f0174f946589f3af25b1c3cf89d4f3b14d4f0fbe3aaaca0abdd",
    "https://deno.land/x/composite_key@1.0.0/composite.ts": "963808c9ac6643022e96281399c7a4312256f58ea6d8307d779c98b38e1170b4",
    "https://deno.land/x/composite_key@1.0.0/deps.ts": "04d7640236c46b17fda14a447bab37699d7bbdb1918ad2620a4109f49dcfef13",
    "https://deno.land/x/composite_key@1.0.0/mod.ts": "a19251e2ad687ecfa8b1358143fa07c045ebed8da97bf99d04bd96bde758f963",
    "https://deno.land/x/composite_key@1.0.0/utils.ts": "6b15110aeac1a593ca1a70c4b57081274afd1d1bb52a69791e7369db6541c288",
    "https://deno.land/x/deno_dom@v0.1.38/build/deno-wasm/deno-wasm.js": "98b1ad24a1c13284557917659402202e5c5258ab1431b3f3a82434ad36ffa05a",
    "https://deno.land/x/deno_dom@v0.1.38/deno-dom-wasm.ts": "bfd999a493a6974e9fca4d331bee03bfb68cfc600c662cd0b48b21d67a2a8ba0",
    "https://deno.land/x/deno_dom@v0.1.38/src/api.ts": "0ff5790f0a3eeecb4e00b7d8fbfa319b165962cf6d0182a65ba90f158d74f7d7",
    "https://deno.land/x/deno_dom@v0.1.38/src/constructor-lock.ts": "59714df7e0571ec7bd338903b1f396202771a6d4d7f55a452936bd0de9deb186",
    "https://deno.land/x/deno_dom@v0.1.38/src/deserialize.ts": "f4d34514ca00473ca428b69ad437ba345925744b5d791cb9552e2d7a0e7b0439",
    "https://deno.land/x/deno_dom@v0.1.38/src/dom/document-fragment.ts": "a40c6e18dd0efcf749a31552c1c9a6f7fa614452245e86ee38fc92ba0235e5ae",
    "https://deno.land/x/deno_dom@v0.1.38/src/dom/document.ts": "b8f4e4ccabaaa063d6562a0f2f8dea9c0419515d63d8bd79bfde95f7cd64bd93",
    "https://deno.land/x/deno_dom@v0.1.38/src/dom/dom-parser.ts": "609097b426f8c2358f3e5d2bca55ed026cf26cdf86562e94130dfdb0f2537f92",
    "https://deno.land/x/deno_dom@v0.1.38/src/dom/element.ts": "77c454e228dfeb5c570da5aa61d91850400116bfa0f5a85505acdd3c667171a4",
    "https://deno.land/x/deno_dom@v0.1.38/src/dom/elements/html-template-element.ts": "127bb291bb08afeb7e9a66294a5aa6ff2780f4eb4601fa6f7869fe8b70a81472",
    "https://deno.land/x/deno_dom@v0.1.38/src/dom/html-collection.ts": "ae90197f5270c32074926ad6cf30ee07d274d44596c7e413c354880cebce8565",
    "https://deno.land/x/deno_dom@v0.1.38/src/dom/node-list.ts": "4c6e4b4585301d4147addaccd90cb5f5a80e8d6290a1ba7058c5e3dfea16e15d",
    "https://deno.land/x/deno_dom@v0.1.38/src/dom/node.ts": "3069e6fc93ac4111a136ed68199d76673339842b9751610ba06f111ba7dc10a7",
    "https://deno.land/x/deno_dom@v0.1.38/src/dom/selectors/custom-api.ts": "852696bd58e534bc41bd3be9e2250b60b67cd95fd28ed16b1deff1d548531a71",
    "https://deno.land/x/deno_dom@v0.1.38/src/dom/selectors/nwsapi-types.ts": "c43b36c36acc5d32caabaa54fda8c9d239b2b0fcbce9a28efb93c84aa1021698",
    "https://deno.land/x/deno_dom@v0.1.38/src/dom/selectors/nwsapi.js": "985d7d8fc1eabbb88946b47a1c44c1b2d4aa79ff23c21424219f1528fa27a2ff",
    "https://deno.land/x/deno_dom@v0.1.38/src/dom/selectors/selectors.ts": "83eab57be2290fb48e3130533448c93c6c61239f2a2f3b85f1917f80ca0fdc75",
    "https://deno.land/x/deno_dom@v0.1.38/src/dom/selectors/sizzle-types.ts": "78149e2502409989ce861ed636b813b059e16bc267bb543e7c2b26ef43e4798b",
    "https://deno.land/x/deno_dom@v0.1.38/src/dom/selectors/sizzle.js": "c3aed60c1045a106d8e546ac2f85cc82e65f62d9af2f8f515210b9212286682a",
    "https://deno.land/x/deno_dom@v0.1.38/src/dom/utils-types.ts": "96db30e3e4a75b194201bb9fa30988215da7f91b380fca6a5143e51ece2a8436",
    "https://deno.land/x/deno_dom@v0.1.38/src/dom/utils.ts": "55f3e9dc71d6c4a54605888d3f99d26fb0cf9973924709f159252a6933ceeabe",
    "https://deno.land/x/deno_dom@v0.1.38/src/parser.ts": "b65eb7e673fa7ca611de871de109655f0aa9fa35ddc1de73df1a5fc2baafc332",
    "https://deno.land/x/isx@1.4.0/is_string.ts": "268254eab5f8dbc09ee879eb53675813cdc5350207dde436d457cb34462cc857",
    "https://deno.land/x/isx@1.5.0/is_boolean.ts": "e45a9a20a4f31424e8ff7cd153b8de7360c4ecc2d5d6690aece4c89c9543d307",
    "https://deno.land/x/isx@1.5.0/is_function.ts": "5ce6afa1d7dc17e8b6f2c880420e42589ff9174d07ae607183e15618c62323dd",
    "https://deno.land/x/isx@1.5.0/is_null.ts": "3f81d09739276af04bb926e1268bd97d6d6d03c9030e1161718447b6f1282506",
    "https://deno.land/x/isx@1.5.0/is_object.ts": "2be446c48f74a7a55bbcc2c42f49589e64254d733f5c42a76efed97103956c66",
    "https://deno.land/x/upsert@1.1.0/class.ts": "8a9af381c514c9631965889171f67041cf18489bce9b383d805aa96db74851cc",
    "https://deno.land/x/upsert@1.1.0/emplace.ts": "d19fe84f23133b9a77d04aad9fb51f83fb20446bc335c404749b5610408a3570",
    "https://deno.land/x/upsert@1.1.0/mixin.ts": "2c758419ad5291411c88075e31bd1efa8521c0368d1f23e8e50669668d5b1174",
    "https://deno.land/x/upsert@1.1.0/mod.ts": "b539273ac26f46a6fe3d87854944e58b377be259e5d251202743b63f6c180120",
    "https://deno.land/x/upsert@1.2.0/class.ts": "8dec320c723404492299d1f79c582a01f401d6e131133b0d577f2d0ae61330a1",
    "https://deno.land/x/upsert@1.2.0/emplace.ts": "ab37efe3d179feff2a430eb27d9bedc93a55357a9f5a79f8fdb1870b99ef7e7e",
    "https://deno.land/x/upsert@1.2.0/mixin.ts": "6805b1c510729d7d3be9e2dee91184ab93a42d87df0175c1b3e6a3450f2ba9f3",
    "https://deno.land/x/upsert@1.2.0/mod.ts": "d324c1508623a787a9214a59b5ff27db2ad88b7b5d8ccba4447459c02c7990f1"
  }
}
